
Microsoft Visual Studio Solution File, Format Version 12.00
# Visual Studio Version 16
VisualStudioVersion = 16.0.31105.61
MinimumVisualStudioVersion = 10.0.40219.1
Project("{FAE04EC0-301F-11D3-BF4B-00C04F79EFBC}") = "BasicPlugin", "BasicPlugin\BasicPlugin.csproj", "{D7AECFE0-9DD7-4921-B561-C0F376F5D20C}"
EndProject
Global
	GlobalSection(SolutionConfigurationPlatforms) = preSolution
		Debug|Any CPU = Debug|Any CPU
		Release|Any CPU = Release|Any CPU
	EndGlobalSection
	GlobalSection(ProjectConfigurationPlatforms) = postSolution
		{D7AECFE0-9DD7-4921-B561-C0F376F5D20C}.Debug|Any CPU.ActiveCfg = Debug|Any CPU
		{D7AECFE0-9DD7-4921-B561-C0F376F5D20C}.Debug|Any CPU.Build.0 = Debug|Any CPU
		{D7AECFE0-9DD7-4921-B561-C0F376F5D20C}.Release|Any CPU.ActiveCfg = Release|Any CPU
		{D7AECFE0-9DD7-4921-B561-C0F376F5D20C}.Release|Any CPU.Build.0 = Release|Any CPU
	EndGlobalSection
	GlobalSection(SolutionProperties) = preSolution
		HideSolutionNode = FALSE
	EndGlobalSection
	GlobalSection(ExtensibilityGlobals) = postSolution
		SolutionGuid = {11DFBCB3-8CCB-456B-A62E-DBA58D34A82A}
	EndGlobalSection
EndGlobal
